{
  "nodes": {
    "nixpkgs-unstable": {
      "locked": {
        "lastModified": 1716137900,
        "narHash": "sha256-sowPU+tLQv8GlqtVtsXioTKeaQvlMz/pefcdwg8MvfM=",
        "path": "/nix/store/r8nhgnkxacbnf4kv8kdi8b6ks3k9b16i-source",
        "rev": "6c0b7a92c30122196a761b440ac0d46d3d9954f1",
        "type": "path"
      },
      "original": {
        "id": "nixpkgs-unstable",
        "type": "indirect"
      }
    },
    "root": {
      "inputs": {
        "nixpkgs-unstable": "nixpkgs-unstable"
      }
    }
  },
  "root": "root",
  "version": 7
}
